
Microsoft Visual Studio Solution File, Format Version 12.00
# Visual Studio 15
VisualStudioVersion = 15.0.28307.572
MinimumVisualStudioVersion = 10.0.40219.1
Project("{FAE04EC0-301F-11D3-BF4B-00C04F79EFBC}") = "HomePageProject", "HomePageProject\HomePageProject.csproj", "{5492BB73-B116-4208-81E7-CB7A79E05CC2}"
EndProject
Global
	GlobalSection(SolutionConfigurationPlatforms) = preSolution
		Debug|Any CPU = Debug|Any CPU
		Release|Any CPU = Release|Any CPU
	EndGlobalSection
	GlobalSection(ProjectConfigurationPlatforms) = postSolution
		{5492BB73-B116-4208-81E7-CB7A79E05CC2}.Debug|Any CPU.ActiveCfg = Debug|Any CPU
		{5492BB73-B116-4208-81E7-CB7A79E05CC2}.Debug|Any CPU.Build.0 = Debug|Any CPU
		{5492BB73-B116-4208-81E7-CB7A79E05CC2}.Release|Any CPU.ActiveCfg = Release|Any CPU
		{5492BB73-B116-4208-81E7-CB7A79E05CC2}.Release|Any CPU.Build.0 = Release|Any CPU
	EndGlobalSection
	GlobalSection(SolutionProperties) = preSolution
		HideSolutionNode = FALSE
	EndGlobalSection
	GlobalSection(ExtensibilityGlobals) = postSolution
		SolutionGuid = {C5A6A44C-CF8D-4982-AF3A-5EC462AE7D34}
	EndGlobalSection
EndGlobal
